
Microsoft Visual Studio Solution File, Format Version 12.00
# Visual Studio Version 17
VisualStudioVersion = 17.5.2.0
MinimumVisualStudioVersion = 10.0.40219.1
Project("{FAE04EC0-301F-11D3-BF4B-00C04F79EFBC}") = "OpenApSharp", "OpenApSharp\OpenApSharp.csproj", "{63FB28EB-2A80-D984-B49B-9F61EA733525}"
EndProject
Project("{FAE04EC0-301F-11D3-BF4B-00C04F79EFBC}") = "OpenApSharp.Test", "OpenApSharp.Test\OpenApSharp.Test.csproj", "{7A5EFF61-3883-44FD-A2B0-0B94730092A7}"
EndProject
Global
	GlobalSection(SolutionConfigurationPlatforms) = preSolution
		Debug|Any CPU = Debug|Any CPU
		Debug|x64 = Debug|x64
		Debug|x86 = Debug|x86
		Release|Any CPU = Release|Any CPU
		Release|x64 = Release|x64
		Release|x86 = Release|x86
	EndGlobalSection
	GlobalSection(ProjectConfigurationPlatforms) = postSolution
		{63FB28EB-2A80-D984-B49B-9F61EA733525}.Debug|Any CPU.ActiveCfg = Debug|Any CPU
		{63FB28EB-2A80-D984-B49B-9F61EA733525}.Debug|Any CPU.Build.0 = Debug|Any CPU
		{63FB28EB-2A80-D984-B49B-9F61EA733525}.Debug|x64.ActiveCfg = Debug|Any CPU
		{63FB28EB-2A80-D984-B49B-9F61EA733525}.Debug|x64.Build.0 = Debug|Any CPU
		{63FB28EB-2A80-D984-B49B-9F61EA733525}.Debug|x86.ActiveCfg = Debug|Any CPU
		{63FB28EB-2A80-D984-B49B-9F61EA733525}.Debug|x86.Build.0 = Debug|Any CPU
		{63FB28EB-2A80-D984-B49B-9F61EA733525}.Release|Any CPU.ActiveCfg = Release|Any CPU
		{63FB28EB-2A80-D984-B49B-9F61EA733525}.Release|Any CPU.Build.0 = Release|Any CPU
		{63FB28EB-2A80-D984-B49B-9F61EA733525}.Release|x64.ActiveCfg = Release|Any CPU
		{63FB28EB-2A80-D984-B49B-9F61EA733525}.Release|x64.Build.0 = Release|Any CPU
		{63FB28EB-2A80-D984-B49B-9F61EA733525}.Release|x86.ActiveCfg = Release|Any CPU
		{63FB28EB-2A80-D984-B49B-9F61EA733525}.Release|x86.Build.0 = Release|Any CPU
		{7A5EFF61-3883-44FD-A2B0-0B94730092A7}.Debug|Any CPU.ActiveCfg = Debug|Any CPU
		{7A5EFF61-3883-44FD-A2B0-0B94730092A7}.Debug|Any CPU.Build.0 = Debug|Any CPU
		{7A5EFF61-3883-44FD-A2B0-0B94730092A7}.Debug|x64.ActiveCfg = Debug|Any CPU
		{7A5EFF61-3883-44FD-A2B0-0B94730092A7}.Debug|x64.Build.0 = Debug|Any CPU
		{7A5EFF61-3883-44FD-A2B0-0B94730092A7}.Debug|x86.ActiveCfg = Debug|Any CPU
		{7A5EFF61-3883-44FD-A2B0-0B94730092A7}.Debug|x86.Build.0 = Debug|Any CPU
		{7A5EFF61-3883-44FD-A2B0-0B94730092A7}.Release|Any CPU.ActiveCfg = Release|Any CPU
		{7A5EFF61-3883-44FD-A2B0-0B94730092A7}.Release|Any CPU.Build.0 = Release|Any CPU
		{7A5EFF61-3883-44FD-A2B0-0B94730092A7}.Release|x64.ActiveCfg = Release|Any CPU
		{7A5EFF61-3883-44FD-A2B0-0B94730092A7}.Release|x64.Build.0 = Release|Any CPU
		{7A5EFF61-3883-44FD-A2B0-0B94730092A7}.Release|x86.ActiveCfg = Release|Any CPU
		{7A5EFF61-3883-44FD-A2B0-0B94730092A7}.Release|x86.Build.0 = Release|Any CPU
	EndGlobalSection
	GlobalSection(SolutionProperties) = preSolution
		HideSolutionNode = FALSE
	EndGlobalSection
	GlobalSection(ExtensibilityGlobals) = postSolution
		SolutionGuid = {F9611171-69B4-490B-A1B1-DEC39866F4C4}
	EndGlobalSection
EndGlobal
